
Microsoft Visual Studio Solution File, Format Version 12.00
# Visual Studio Version 17
VisualStudioVersion = 17.6.33829.357
MinimumVisualStudioVersion = 10.0.40219.1
Project("{FAE04EC0-301F-11D3-BF4B-00C04F79EFBC}") = "WebApplication1", "WebApplication1.csproj", "{A03D5643-F2D0-47CD-8203-80DCDF4E6BCA}"
EndProject
Global
	GlobalSection(SolutionConfigurationPlatforms) = preSolution
		Debug|Any CPU = Debug|Any CPU
		Release|Any CPU = Release|Any CPU
	EndGlobalSection
	GlobalSection(ProjectConfigurationPlatforms) = postSolution
		{A03D5643-F2D0-47CD-8203-80DCDF4E6BCA}.Debug|Any CPU.ActiveCfg = Debug|Any CPU
		{A03D5643-F2D0-47CD-8203-80DCDF4E6BCA}.Debug|Any CPU.Build.0 = Debug|Any CPU
		{A03D5643-F2D0-47CD-8203-80DCDF4E6BCA}.Release|Any CPU.ActiveCfg = Release|Any CPU
		{A03D5643-F2D0-47CD-8203-80DCDF4E6BCA}.Release|Any CPU.Build.0 = Release|Any CPU
	EndGlobalSection
	GlobalSection(SolutionProperties) = preSolution
		HideSolutionNode = FALSE
	EndGlobalSection
	GlobalSection(ExtensibilityGlobals) = postSolution
		SolutionGuid = {36179EA0-2D98-439B-9039-30D97FD06DC9}
	EndGlobalSection
EndGlobal
